
Microsoft Visual Studio Solution File, Format Version 12.00
# Visual Studio Version 17
VisualStudioVersion = 17.6.33829.357
MinimumVisualStudioVersion = 10.0.40219.1
Project("{FAE04EC0-301F-11D3-BF4B-00C04F79EFBC}") = "CrudCategory", "CrudCategory\CrudCategory.csproj", "{ABB1453A-B42F-4317-8314-3EBA094446EC}"
EndProject
Global
	GlobalSection(SolutionConfigurationPlatforms) = preSolution
		Debug|Any CPU = Debug|Any CPU
		Release|Any CPU = Release|Any CPU
	EndGlobalSection
	GlobalSection(ProjectConfigurationPlatforms) = postSolution
		{ABB1453A-B42F-4317-8314-3EBA094446EC}.Debug|Any CPU.ActiveCfg = Debug|Any CPU
		{ABB1453A-B42F-4317-8314-3EBA094446EC}.Debug|Any CPU.Build.0 = Debug|Any CPU
		{ABB1453A-B42F-4317-8314-3EBA094446EC}.Release|Any CPU.ActiveCfg = Release|Any CPU
		{ABB1453A-B42F-4317-8314-3EBA094446EC}.Release|Any CPU.Build.0 = Release|Any CPU
	EndGlobalSection
	GlobalSection(SolutionProperties) = preSolution
		HideSolutionNode = FALSE
	EndGlobalSection
	GlobalSection(ExtensibilityGlobals) = postSolution
		SolutionGuid = {85222061-794E-4460-8D42-38E1B526DED2}
	EndGlobalSection
EndGlobal
